
Microsoft Visual Studio Solution File, Format Version 12.00
# Visual Studio Version 17
VisualStudioVersion = 17.14.36603.0 d17.14
MinimumVisualStudioVersion = 10.0.40219.1
Project("{FAE04EC0-301F-11D3-BF4B-00C04F79EFBC}") = "FinanceApp", "FinanceApp\FinanceApp.csproj", "{E7551BBA-7C51-423B-9360-C9E09D69135C}"
EndProject
Global
	GlobalSection(SolutionConfigurationPlatforms) = preSolution
		Debug|Any CPU = Debug|Any CPU
		Release|Any CPU = Release|Any CPU
	EndGlobalSection
	GlobalSection(ProjectConfigurationPlatforms) = postSolution
		{E7551BBA-7C51-423B-9360-C9E09D69135C}.Debug|Any CPU.ActiveCfg = Debug|Any CPU
		{E7551BBA-7C51-423B-9360-C9E09D69135C}.Debug|Any CPU.Build.0 = Debug|Any CPU
		{E7551BBA-7C51-423B-9360-C9E09D69135C}.Release|Any CPU.ActiveCfg = Release|Any CPU
		{E7551BBA-7C51-423B-9360-C9E09D69135C}.Release|Any CPU.Build.0 = Release|Any CPU
	EndGlobalSection
	GlobalSection(SolutionProperties) = preSolution
		HideSolutionNode = FALSE
	EndGlobalSection
	GlobalSection(ExtensibilityGlobals) = postSolution
		SolutionGuid = {0AAB60B0-1B16-4F07-8897-BD51188E71D2}
	EndGlobalSection
EndGlobal
